
Microsoft Visual Studio Solution File, Format Version 12.00
# Visual Studio Version 17
VisualStudioVersion = 17.8.34309.116
MinimumVisualStudioVersion = 10.0.40219.1
Project("{FAE04EC0-301F-11D3-BF4B-00C04F79EFBC}") = "LAB4 COFFEE", "LAB4 COFFEE\LAB4 COFFEE.csproj", "{1B2A3E89-A3F6-4B0D-B7BC-2F78F262C106}"
EndProject
Global
	GlobalSection(SolutionConfigurationPlatforms) = preSolution
		Debug|Any CPU = Debug|Any CPU
		Release|Any CPU = Release|Any CPU
	EndGlobalSection
	GlobalSection(ProjectConfigurationPlatforms) = postSolution
		{1B2A3E89-A3F6-4B0D-B7BC-2F78F262C106}.Debug|Any CPU.ActiveCfg = Debug|Any CPU
		{1B2A3E89-A3F6-4B0D-B7BC-2F78F262C106}.Debug|Any CPU.Build.0 = Debug|Any CPU
		{1B2A3E89-A3F6-4B0D-B7BC-2F78F262C106}.Release|Any CPU.ActiveCfg = Release|Any CPU
		{1B2A3E89-A3F6-4B0D-B7BC-2F78F262C106}.Release|Any CPU.Build.0 = Release|Any CPU
	EndGlobalSection
	GlobalSection(SolutionProperties) = preSolution
		HideSolutionNode = FALSE
	EndGlobalSection
	GlobalSection(ExtensibilityGlobals) = postSolution
		SolutionGuid = {7F22F2B3-3625-4A8F-9AC5-9A1DA90556CD}
	EndGlobalSection
EndGlobal
